// !$*UTF8*$!
{
	archiveVersion = 1;
	classes = {
	};
	objectVersion = 46;
	objects = {

/* Begin PBXBuildFile section */
		18BF7A751A89972300F1626F /* main.m in Sources */ = {isa = PBXBuildFile; fileRef = 18BF7A741A89972300F1626F /* main.m */; };
		18BF7A781A89972300F1626F /* AppDelegate.m in Sources */ = {isa = PBXBuildFile; fileRef = 18BF7A771A89972300F1626F /* AppDelegate.m */; };
		18BF7A7B1A89972300F1626F /* ViewController.m in Sources */ = {isa = PBXBuildFile; fileRef = 18BF7A7A1A89972300F1626F /* ViewController.m */; };
		18BF7A7E1A89972300F1626F /* Main.storyboard in Resources */ = {isa = PBXBuildFile; fileRef = 18BF7A7C1A89972300F1626F /* Main.storyboard */; };
		18BF7A801A89972300F1626F /* Images.xcassets in Resources */ = {isa = PBXBuildFile; fileRef = 18BF7A7F1A89972300F1626F /* Images.xcassets */; };
		18BF7A831A89972300F1626F /* LaunchScreen.xib in Resources */ = {isa = PBXBuildFile; fileRef = 18BF7A811A89972300F1626F /* LaunchScreen.xib */; };
		18BF7A8F1A89972400F1626F /* _____Tests.m in Sources */ = {isa = PBXBuildFile; fileRef = 18BF7A8E1A89972400F1626F /* _____Tests.m */; };
		18BF7A9F1A89978800F1626F /* HttpDownLoadBlock.m in Sources */ = {isa = PBXBuildFile; fileRef = 18BF7A9A1A89978800F1626F /* HttpDownLoadBlock.m */; };
		18BF7AA01A89978800F1626F /* MyMD5.m in Sources */ = {isa = PBXBuildFile; fileRef = 18BF7A9C1A89978800F1626F /* MyMD5.m */; };
		18BF7AA11A89978800F1626F /* NSFileManager+Method.m in Sources */ = {isa = PBXBuildFile; fileRef = 18BF7A9E1A89978800F1626F /* NSFileManager+Method.m */; };
		18BF7AAB1A899B8E00F1626F /* TFIndicatorView.m in Sources */ = {isa = PBXBuildFile; fileRef = 18BF7AA81A899B8E00F1626F /* TFIndicatorView.m */; };
		18BF7AAC1A899B8E00F1626F /* ZCControl.m in Sources */ = {isa = PBXBuildFile; fileRef = 18BF7AAA1A899B8E00F1626F /* ZCControl.m */; };
		18BF7AB21A89AC0500F1626F /* c_g.png in Resources */ = {isa = PBXBuildFile; fileRef = 18BF7AAE1A89AC0500F1626F /* c_g.png */; };
		18BF7AB31A89AC0500F1626F /* c_g@2x.png in Resources */ = {isa = PBXBuildFile; fileRef = 18BF7AAF1A89AC0500F1626F /* c_g@2x.png */; };
		18BF7AB41A89AC0500F1626F /* c_w.png in Resources */ = {isa = PBXBuildFile; fileRef = 18BF7AB01A89AC0500F1626F /* c_w.png */; };
		18BF7AB51A89AC0500F1626F /* c_w@2x.png in Resources */ = {isa = PBXBuildFile; fileRef = 18BF7AB11A89AC0500F1626F /* c_w@2x.png */; };
		18BF7AF11A89AC4700F1626F /* m_about.png in Resources */ = {isa = PBXBuildFile; fileRef = 18BF7AB71A89AC4700F1626F /* m_about.png */; };
		18BF7AF21A89AC4700F1626F /* m_about@2x.png in Resources */ = {isa = PBXBuildFile; fileRef = 18BF7AB81A89AC4700F1626F /* m_about@2x.png */; };
		18BF7AF31A89AC4700F1626F /* m_about_gx.png in Resources */ = {isa = PBXBuildFile; fileRef = 18BF7AB91A89AC4700F1626F /* m_about_gx.png */; };
		18BF7AF41A89AC4700F1626F /* m_about_gx@2x.png in Resources */ = {isa = PBXBuildFile; fileRef = 18BF7ABA1A89AC4700F1626F /* m_about_gx@2x.png */; };
		18BF7AF51A89AC4700F1626F /* m_about_jy.png in Resources */ = {isa = PBXBuildFile; fileRef = 18BF7ABB1A89AC4700F1626F /* m_about_jy.png */; };
		18BF7AF61A89AC4700F1626F /* m_about_jy@2x.png in Resources */ = {isa = PBXBuildFile; fileRef = 18BF7ABC1A89AC4700F1626F /* m_about_jy@2x.png */; };
		18BF7AF71A89AC4700F1626F /* m_about_lx.png in Resources */ = {isa = PBXBuildFile; fileRef = 18BF7ABD1A89AC4700F1626F /* m_about_lx.png */; };
		18BF7AF81A89AC4700F1626F /* m_about_lx@2x.png in Resources */ = {isa = PBXBuildFile; fileRef = 18BF7ABE1A89AC4700F1626F /* m_about_lx@2x.png */; };
		18BF7AF91A89AC4700F1626F /* m_about_sy.png in Resources */ = {isa = PBXBuildFile; fileRef = 18BF7ABF1A89AC4700F1626F /* m_about_sy.png */; };
		18BF7AFA1A89AC4700F1626F /* m_about_sy@2x.png in Resources */ = {isa = PBXBuildFile; fileRef = 18BF7AC01A89AC4700F1626F /* m_about_sy@2x.png */; };
		18BF7AFB1A89AC4700F1626F /* m_adress.png in Resources */ = {isa = PBXBuildFile; fileRef = 18BF7AC11A89AC4700F1626F /* m_adress.png */; };
		18BF7AFC1A89AC4700F1626F /* m_adress@2x.png in Resources */ = {isa = PBXBuildFile; fileRef = 18BF7AC21A89AC4700F1626F /* m_adress@2x.png */; };
		18BF7AFD1A89AC4700F1626F /* m_ads_20xn.png in Resources */ = {isa = PBXBuildFile; fileRef = 18BF7AC31A89AC4700F1626F /* m_ads_20xn.png */; };
		18BF7AFE1A89AC4700F1626F /* m_ads_20xn@2x.png in Resources */ = {isa = PBXBuildFile; fileRef = 18BF7AC41A89AC4700F1626F /* m_ads_20xn@2x.png */; };
		18BF7AFF1A89AC4700F1626F /* m_ads_20xp.png in Resources */ = {isa = PBXBuildFile; fileRef = 18BF7AC51A89AC4700F1626F /* m_ads_20xp.png */; };
		18BF7B001A89AC4700F1626F /* m_ads_20xp@2x.png in Resources */ = {isa = PBXBuildFile; fileRef = 18BF7AC61A89AC4700F1626F /* m_ads_20xp@2x.png */; };
		18BF7B011A89AC4700F1626F /* m_ads_n.png in Resources */ = {isa = PBXBuildFile; fileRef = 18BF7AC71A89AC4700F1626F /* m_ads_n.png */; };
		18BF7B021A89AC4700F1626F /* m_ads_n@2x.png in Resources */ = {isa = PBXBuildFile; fileRef = 18BF7AC81A89AC4700F1626F /* m_ads_n@2x.png */; };
		18BF7B031A89AC4700F1626F /* m_ads_p.png in Resources */ = {isa = PBXBuildFile; fileRef = 18BF7AC91A89AC4700F1626F /* m_ads_p.png */; };
		18BF7B041A89AC4700F1626F /* m_ads_p@2x.png in Resources */ = {isa = PBXBuildFile; fileRef = 18BF7ACA1A89AC4700F1626F /* m_ads_p@2x.png */; };
		18BF7B051A89AC4700F1626F /* m_code.png in Resources */ = {isa = PBXBuildFile; fileRef = 18BF7ACB1A89AC4700F1626F /* m_code.png */; };
		18BF7B061A89AC4700F1626F /* m_code@2x.png in Resources */ = {isa = PBXBuildFile; fileRef = 18BF7ACC1A89AC4700F1626F /* m_code@2x.png */; };
		18BF7B071A89AC4700F1626F /* m_info.png in Resources */ = {isa = PBXBuildFile; fileRef = 18BF7ACD1A89AC4700F1626F /* m_info.png */; };
		18BF7B081A89AC4700F1626F /* m_info@2x.png in Resources */ = {isa = PBXBuildFile; fileRef = 18BF7ACE1A89AC4700F1626F /* m_info@2x.png */; };
		18BF7B091A89AC4700F1626F /* m_info_bbg.png in Resources */ = {isa = PBXBuildFile; fileRef = 18BF7ACF1A89AC4700F1626F /* m_info_bbg.png */; };
		18BF7B0A1A89AC4700F1626F /* m_info_bbg@2x.png in Resources */ = {isa = PBXBuildFile; fileRef = 18BF7AD01A89AC4700F1626F /* m_info_bbg@2x.png */; };
		18BF7B0B1A89AC4700F1626F /* m_info_hbg.png in Resources */ = {isa = PBXBuildFile; fileRef = 18BF7AD11A89AC4700F1626F /* m_info_hbg.png */; };
		18BF7B0C1A89AC4700F1626F /* m_info_hbg@2x.png in Resources */ = {isa = PBXBuildFile; fileRef = 18BF7AD21A89AC4700F1626F /* m_info_hbg@2x.png */; };
		18BF7B0D1A89AC4700F1626F /* m_kf.png in Resources */ = {isa = PBXBuildFile; fileRef = 18BF7AD31A89AC4700F1626F /* m_kf.png */; };
		18BF7B0E1A89AC4700F1626F /* m_kf@2x.png in Resources */ = {isa = PBXBuildFile; fileRef = 18BF7AD41A89AC4700F1626F /* m_kf@2x.png */; };
		18BF7B0F1A89AC4700F1626F /* m_login@2x.png in Resources */ = {isa = PBXBuildFile; fileRef = 18BF7AD51A89AC4700F1626F /* m_login@2x.png */; };
		18BF7B101A89AC4700F1626F /* m_login_n.png in Resources */ = {isa = PBXBuildFile; fileRef = 18BF7AD61A89AC4700F1626F /* m_login_n.png */; };
		18BF7B111A89AC4700F1626F /* m_login_n@2x.png in Resources */ = {isa = PBXBuildFile; fileRef = 18BF7AD71A89AC4700F1626F /* m_login_n@2x.png */; };
		18BF7B121A89AC4700F1626F /* m_login_p.png in Resources */ = {isa = PBXBuildFile; fileRef = 18BF7AD81A89AC4700F1626F /* m_login_p.png */; };
		18BF7B131A89AC4700F1626F /* m_loginbtn.png in Resources */ = {isa = PBXBuildFile; fileRef = 18BF7AD91A89AC4700F1626F /* m_loginbtn.png */; };
		18BF7B141A89AC4700F1626F /* m_loginbtn@2x.png in Resources */ = {isa = PBXBuildFile; fileRef = 18BF7ADA1A89AC4700F1626F /* m_loginbtn@2x.png */; };
		18BF7B151A89AC4700F1626F /* m_logo.png in Resources */ = {isa = PBXBuildFile; fileRef = 18BF7ADB1A89AC4700F1626F /* m_logo.png */; };
		18BF7B161A89AC4700F1626F /* m_logo@2x.png in Resources */ = {isa = PBXBuildFile; fileRef = 18BF7ADC1A89AC4700F1626F /* m_logo@2x.png */; };
		18BF7B171A89AC4700F1626F /* m_macc.png in Resources */ = {isa = PBXBuildFile; fileRef = 18BF7ADD1A89AC4700F1626F /* m_macc.png */; };
		18BF7B181A89AC4700F1626F /* m_macc@2x.png in Resources */ = {isa = PBXBuildFile; fileRef = 18BF7ADE1A89AC4700F1626F /* m_macc@2x.png */; };
		18BF7B191A89AC4700F1626F /* m_madr.png in Resources */ = {isa = PBXBuildFile; fileRef = 18BF7ADF1A89AC4700F1626F /* m_madr.png */; };
		18BF7B1A1A89AC4700F1626F /* m_madr@2x.png in Resources */ = {isa = PBXBuildFile; fileRef = 18BF7AE01A89AC4700F1626F /* m_madr@2x.png */; };
		18BF7B1B1A89AC4700F1626F /* m_mpwd.png in Resources */ = {isa = PBXBuildFile; fileRef = 18BF7AE11A89AC4700F1626F /* m_mpwd.png */; };
		18BF7B1C1A89AC4700F1626F /* m_mpwd@2x.png in Resources */ = {isa = PBXBuildFile; fileRef = 18BF7AE21A89AC4700F1626F /* m_mpwd@2x.png */; };
		18BF7B1D1A89AC4700F1626F /* m_order.png in Resources */ = {isa = PBXBuildFile; fileRef = 18BF7AE31A89AC4700F1626F /* m_order.png */; };
		18BF7B1E1A89AC4700F1626F /* m_order@2x.png in Resources */ = {isa = PBXBuildFile; fileRef = 18BF7AE41A89AC4700F1626F /* m_order@2x.png */; };
		18BF7B1F1A89AC4700F1626F /* m_order_tab.png in Resources */ = {isa = PBXBuildFile; fileRef = 18BF7AE51A89AC4700F1626F /* m_order_tab.png */; };
		18BF7B201A89AC4700F1626F /* m_order_tab@2x.png in Resources */ = {isa = PBXBuildFile; fileRef = 18BF7AE61A89AC4700F1626F /* m_order_tab@2x.png */; };
		18BF7B211A89AC4700F1626F /* m_phone.png in Resources */ = {isa = PBXBuildFile; fileRef = 18BF7AE71A89AC4700F1626F /* m_phone.png */; };
		18BF7B221A89AC4700F1626F /* m_phone@2x.png in Resources */ = {isa = PBXBuildFile; fileRef = 18BF7AE81A89AC4700F1626F /* m_phone@2x.png */; };
		18BF7B231A89AC4700F1626F /* m_pwd.png in Resources */ = {isa = PBXBuildFile; fileRef = 18BF7AE91A89AC4700F1626F /* m_pwd.png */; };
		18BF7B241A89AC4700F1626F /* m_pwd@2x.png in Resources */ = {isa = PBXBuildFile; fileRef = 18BF7AEA1A89AC4700F1626F /* m_pwd@2x.png */; };
		18BF7B251A89AC4700F1626F /* m_reglogo.png in Resources */ = {isa = PBXBuildFile; fileRef = 18BF7AEB1A89AC4700F1626F /* m_reglogo.png */; };
		18BF7B261A89AC4700F1626F /* m_reglogo@2x.png in Resources */ = {isa = PBXBuildFile; fileRef = 18BF7AEC1A89AC4700F1626F /* m_reglogo@2x.png */; };
		18BF7B271A89AC4700F1626F /* m_sr.png in Resources */ = {isa = PBXBuildFile; fileRef = 18BF7AED1A89AC4700F1626F /* m_sr.png */; };
		18BF7B281A89AC4700F1626F /* m_sr@2x.png in Resources */ = {isa = PBXBuildFile; fileRef = 18BF7AEE1A89AC4700F1626F /* m_sr@2x.png */; };
		18BF7B291A89AC4700F1626F /* title.png in Resources */ = {isa = PBXBuildFile; fileRef = 18BF7AEF1A89AC4700F1626F /* title.png */; };
		18BF7B2A1A89AC4700F1626F /* title64.png in Resources */ = {isa = PBXBuildFile; fileRef = 18BF7AF01A89AC4700F1626F /* title64.png */; };
/* End PBXBuildFile section */

/* Begin PBXContainerItemProxy section */
		18BF7A891A89972400F1626F /* PBXContainerItemProxy */ = {
			isa = PBXContainerItemProxy;
			containerPortal = 18BF7A671A89972300F1626F /* Project object */;
			proxyType = 1;
			remoteGlobalIDString = 18BF7A6E1A89972300F1626F;
			remoteInfo = "获取验证码";
		};
/* End PBXContainerItemProxy section */

/* Begin PBXFileReference section */
		18BF7A6F1A89972300F1626F /* 获取验证码.app */ = {isa = PBXFileReference; explicitFileType = wrapper.application; includeInIndex = 0; path = "获取验证码.app"; sourceTree = BUILT_PRODUCTS_DIR; };
		18BF7A731A89972300F1626F /* Info.plist */ = {isa = PBXFileReference; lastKnownFileType = text.plist.xml; path = Info.plist; sourceTree = "<group>"; };
		18BF7A741A89972300F1626F /* main.m */ = {isa = PBXFileReference; lastKnownFileType = sourcecode.c.objc; path = main.m; sourceTree = "<group>"; };
		18BF7A761A89972300F1626F /* AppDelegate.h */ = {isa = PBXFileReference; lastKnownFileType = sourcecode.c.h; path = AppDelegate.h; sourceTree = "<group>"; };
		18BF7A771A89972300F1626F /* AppDelegate.m */ = {isa = PBXFileReference; lastKnownFileType = sourcecode.c.objc; path = AppDelegate.m; sourceTree = "<group>"; };
		18BF7A791A89972300F1626F /* ViewController.h */ = {isa = PBXFileReference; lastKnownFileType = sourcecode.c.h; path = ViewController.h; sourceTree = "<group>"; };
		18BF7A7A1A89972300F1626F /* ViewController.m */ = {isa = PBXFileReference; lastKnownFileType = sourcecode.c.objc; path = ViewController.m; sourceTree = "<group>"; };
		18BF7A7D1A89972300F1626F /* Base */ = {isa = PBXFileReference; lastKnownFileType = file.storyboard; name = Base; path = Base.lproj/Main.storyboard; sourceTree = "<group>"; };
		18BF7A7F1A89972300F1626F /* Images.xcassets */ = {isa = PBXFileReference; lastKnownFileType = folder.assetcatalog; path = Images.xcassets; sourceTree = "<group>"; };
		18BF7A821A89972300F1626F /* Base */ = {isa = PBXFileReference; lastKnownFileType = file.xib; name = Base; path = Base.lproj/LaunchScreen.xib; sourceTree = "<group>"; };
		18BF7A881A89972400F1626F /* 获取验证码Tests.xctest */ = {isa = PBXFileReference; explicitFileType = wrapper.cfbundle; includeInIndex = 0; path = "获取验证码Tests.xctest"; sourceTree = BUILT_PRODUCTS_DIR; };
		18BF7A8D1A89972400F1626F /* Info.plist */ = {isa = PBXFileReference; lastKnownFileType = text.plist.xml; path = Info.plist; sourceTree = "<group>"; };
		18BF7A8E1A89972400F1626F /* _____Tests.m */ = {isa = PBXFileReference; lastKnownFileType = sourcecode.c.objc; path = "_____Tests.m"; sourceTree = "<group>"; };
		18BF7A991A89978800F1626F /* HttpDownLoadBlock.h */ = {isa = PBXFileReference; fileEncoding = 4; lastKnownFileType = sourcecode.c.h; path = HttpDownLoadBlock.h; sourceTree = "<group>"; };
		18BF7A9A1A89978800F1626F /* HttpDownLoadBlock.m */ = {isa = PBXFileReference; fileEncoding = 4; lastKnownFileType = sourcecode.c.objc; path = HttpDownLoadBlock.m; sourceTree = "<group>"; };
		18BF7A9B1A89978800F1626F /* MyMD5.h */ = {isa = PBXFileReference; fileEncoding = 4; lastKnownFileType = sourcecode.c.h; path = MyMD5.h; sourceTree = "<group>"; };
		18BF7A9C1A89978800F1626F /* MyMD5.m */ = {isa = PBXFileReference; fileEncoding = 4; lastKnownFileType = sourcecode.c.objc; path = MyMD5.m; sourceTree = "<group>"; };
		18BF7A9D1A89978800F1626F /* NSFileManager+Method.h */ = {isa = PBXFileReference; fileEncoding = 4; lastKnownFileType = sourcecode.c.h; path = "NSFileManager+Method.h"; sourceTree = "<group>"; };
		18BF7A9E1A89978800F1626F /* NSFileManager+Method.m */ = {isa = PBXFileReference; fileEncoding = 4; lastKnownFileType = sourcecode.c.objc; path = "NSFileManager+Method.m"; sourceTree = "<group>"; };
		18BF7AA71A899B8E00F1626F /* TFIndicatorView.h */ = {isa = PBXFileReference; fileEncoding = 4; lastKnownFileType = sourcecode.c.h; path = TFIndicatorView.h; sourceTree = "<group>"; };
		18BF7AA81A899B8E00F1626F /* TFIndicatorView.m */ = {isa = PBXFileReference; fileEncoding = 4; lastKnownFileType = sourcecode.c.objc; path = TFIndicatorView.m; sourceTree = "<group>"; };
		18BF7AA91A899B8E00F1626F /* ZCControl.h */ = {isa = PBXFileReference; fileEncoding = 4; lastKnownFileType = sourcecode.c.h; path = ZCControl.h; sourceTree = "<group>"; };
		18BF7AAA1A899B8E00F1626F /* ZCControl.m */ = {isa = PBXFileReference; fileEncoding = 4; lastKnownFileType = sourcecode.c.objc; path = ZCControl.m; sourceTree = "<group>"; };
		18BF7AAE1A89AC0500F1626F /* c_g.png */ = {isa = PBXFileReference; lastKnownFileType = image.png; path = c_g.png; sourceTree = "<group>"; };
		18BF7AAF1A89AC0500F1626F /* c_g@2x.png */ = {isa = PBXFileReference; lastKnownFileType = image.png; path = "c_g@2x.png"; sourceTree = "<group>"; };
		18BF7AB01A89AC0500F1626F /* c_w.png */ = {isa = PBXFileReference; lastKnownFileType = image.png; path = c_w.png; sourceTree = "<group>"; };
		18BF7AB11A89AC0500F1626F /* c_w@2x.png */ = {isa = PBXFileReference; lastKnownFileType = image.png; path = "c_w@2x.png"; sourceTree = "<group>"; };
		18BF7AB71A89AC4700F1626F /* m_about.png */ = {isa = PBXFileReference; lastKnownFileType = image.png; path = m_about.png; sourceTree = "<group>"; };
		18BF7AB81A89AC4700F1626F /* m_about@2x.png */ = {isa = PBXFileReference; lastKnownFileType = image.png; path = "m_about@2x.png"; sourceTree = "<group>"; };
		18BF7AB91A89AC4700F1626F /* m_about_gx.png */ = {isa = PBXFileReference; lastKnownFileType = image.png; path = m_about_gx.png; sourceTree = "<group>"; };
		18BF7ABA1A89AC4700F1626F /* m_about_gx@2x.png */ = {isa = PBXFileReference; lastKnownFileType = image.png; path = "m_about_gx@2x.png"; sourceTree = "<group>"; };
		18BF7ABB1A89AC4700F1626F /* m_about_jy.png */ = {isa = PBXFileReference; lastKnownFileType = image.png; path = m_about_jy.png; sourceTree = "<group>"; };
		18BF7ABC1A89AC4700F1626F /* m_about_jy@2x.png */ = {isa = PBXFileReference; lastKnownFileType = image.png; path = "m_about_jy@2x.png"; sourceTree = "<group>"; };
		18BF7ABD1A89AC4700F1626F /* m_about_lx.png */ = {isa = PBXFileReference; lastKnownFileType = image.png; path = m_about_lx.png; sourceTree = "<group>"; };
		18BF7ABE1A89AC4700F1626F /* m_about_lx@2x.png */ = {isa = PBXFileReference; lastKnownFileType = image.png; path = "m_about_lx@2x.png"; sourceTree = "<group>"; };
		18BF7ABF1A89AC4700F1626F /* m_about_sy.png */ = {isa = PBXFileReference; lastKnownFileType = image.png; path = m_about_sy.png; sourceTree = "<group>"; };
		18BF7AC01A89AC4700F1626F /* m_about_sy@2x.png */ = {isa = PBXFileReference; lastKnownFileType = image.png; path = "m_about_sy@2x.png"; sourceTree = "<group>"; };
		18BF7AC11A89AC4700F1626F /* m_adress.png */ = {isa = PBXFileReference; lastKnownFileType = image.png; path = m_adress.png; sourceTree = "<group>"; };
		18BF7AC21A89AC4700F1626F /* m_adress@2x.png */ = {isa = PBXFileReference; lastKnownFileType = image.png; path = "m_adress@2x.png"; sourceTree = "<group>"; };
		18BF7AC31A89AC4700F1626F /* m_ads_20xn.png */ = {isa = PBXFileReference; lastKnownFileType = image.png; path = m_ads_20xn.png; sourceTree = "<group>"; };
		18BF7AC41A89AC4700F1626F /* m_ads_20xn@2x.png */ = {isa = PBXFileReference; lastKnownFileType = image.png; path = "m_ads_20xn@2x.png"; sourceTree = "<group>"; };
		18BF7AC51A89AC4700F1626F /* m_ads_20xp.png */ = {isa = PBXFileReference; lastKnownFileType = image.png; path = m_ads_20xp.png; sourceTree = "<group>"; };
		18BF7AC61A89AC4700F1626F /* m_ads_20xp@2x.png */ = {isa = PBXFileReference; lastKnownFileType = image.png; path = "m_ads_20xp@2x.png"; sourceTree = "<group>"; };
		18BF7AC71A89AC4700F1626F /* m_ads_n.png */ = {isa = PBXFileReference; lastKnownFileType = image.png; path = m_ads_n.png; sourceTree = "<group>"; };
		18BF7AC81A89AC4700F1626F /* m_ads_n@2x.png */ = {isa = PBXFileReference; lastKnownFileType = image.png; path = "m_ads_n@2x.png"; sourceTree = "<group>"; };
		18BF7AC91A89AC4700F1626F /* m_ads_p.png */ = {isa = PBXFileReference; lastKnownFileType = image.png; path = m_ads_p.png; sourceTree = "<group>"; };
		18BF7ACA1A89AC4700F1626F /* m_ads_p@2x.png */ = {isa = PBXFileReference; lastKnownFileType = image.png; path = "m_ads_p@2x.png"; sourceTree = "<group>"; };
		18BF7ACB1A89AC4700F1626F /* m_code.png */ = {isa = PBXFileReference; lastKnownFileType = image.png; path = m_code.png; sourceTree = "<group>"; };
		18BF7ACC1A89AC4700F1626F /* m_code@2x.png */ = {isa = PBXFileReference; lastKnownFileType = image.png; path = "m_code@2x.png"; sourceTree = "<group>"; };
		18BF7ACD1A89AC4700F1626F /* m_info.png */ = {isa = PBXFileReference; lastKnownFileType = image.png; path = m_info.png; sourceTree = "<group>"; };
		18BF7ACE1A89AC4700F1626F /* m_info@2x.png */ = {isa = PBXFileReference; lastKnownFileType = image.png; path = "m_info@2x.png"; sourceTree = "<group>"; };
		18BF7ACF1A89AC4700F1626F /* m_info_bbg.png */ = {isa = PBXFileReference; lastKnownFileType = image.png; path = m_info_bbg.png; sourceTree = "<group>"; };
		18BF7AD01A89AC4700F1626F /* m_info_bbg@2x.png */ = {isa = PBXFileReference; lastKnownFileType = image.png; path = "m_info_bbg@2x.png"; sourceTree = "<group>"; };
		18BF7AD11A89AC4700F1626F /* m_info_hbg.png */ = {isa = PBXFileReference; lastKnownFileType = image.png; path = m_info_hbg.png; sourceTree = "<group>"; };
		18BF7AD21A89AC4700F1626F /* m_info_hbg@2x.png */ = {isa = PBXFileReference; lastKnownFileType = image.png; path = "m_info_hbg@2x.png"; sourceTree = "<group>"; };
		18BF7AD31A89AC4700F1626F /* m_kf.png */ = {isa = PBXFileReference; lastKnownFileType = image.png; path = m_kf.png; sourceTree = "<group>"; };
		18BF7AD41A89AC4700F1626F /* m_kf@2x.png */ = {isa = PBXFileReference; lastKnownFileType = image.png; path = "m_kf@2x.png"; sourceTree = "<group>"; };
		18BF7AD51A89AC4700F1626F /* m_login@2x.png */ = {isa = PBXFileReference; lastKnownFileType = image.png; path = "m_login@2x.png"; sourceTree = "<group>"; };
		18BF7AD61A89AC4700F1626F /* m_login_n.png */ = {isa = PBXFileReference; lastKnownFileType = image.png; path = m_login_n.png; sourceTree = "<group>"; };
		18BF7AD71A89AC4700F1626F /* m_login_n@2x.png */ = {isa = PBXFileReference; lastKnownFileType = image.png; path = "m_login_n@2x.png"; sourceTree = "<group>"; };
		18BF7AD81A89AC4700F1626F /* m_login_p.png */ = {isa = PBXFileReference; lastKnownFileType = image.png; path = m_login_p.png; sourceTree = "<group>"; };
		18BF7AD91A89AC4700F1626F /* m_loginbtn.png */ = {isa = PBXFileReference; lastKnownFileType = image.png; path = m_loginbtn.png; sourceTree = "<group>"; };
		18BF7ADA1A89AC4700F1626F /* m_loginbtn@2x.png */ = {isa = PBXFileReference; lastKnownFileType = image.png; path = "m_loginbtn@2x.png"; sourceTree = "<group>"; };
		18BF7ADB1A89AC4700F1626F /* m_logo.png */ = {isa = PBXFileReference; lastKnownFileType = image.png; path = m_logo.png; sourceTree = "<group>"; };
		18BF7ADC1A89AC4700F1626F /* m_logo@2x.png */ = {isa = PBXFileReference; lastKnownFileType = image.png; path = "m_logo@2x.png"; sourceTree = "<group>"; };
		18BF7ADD1A89AC4700F1626F /* m_macc.png */ = {isa = PBXFileReference; lastKnownFileType = image.png; path = m_macc.png; sourceTree = "<group>"; };
		18BF7ADE1A89AC4700F1626F /* m_macc@2x.png */ = {isa = PBXFileReference; lastKnownFileType = image.png; path = "m_macc@2x.png"; sourceTree = "<group>"; };
		18BF7ADF1A89AC4700F1626F /* m_madr.png */ = {isa = PBXFileReference; lastKnownFileType = image.png; path = m_madr.png; sourceTree = "<group>"; };
		18BF7AE01A89AC4700F1626F /* m_madr@2x.png */ = {isa = PBXFileReference; lastKnownFileType = image.png; path = "m_madr@2x.png"; sourceTree = "<group>"; };
		18BF7AE11A89AC4700F1626F /* m_mpwd.png */ = {isa = PBXFileReference; lastKnownFileType = image.png; path = m_mpwd.png; sourceTree = "<group>"; };
		18BF7AE21A89AC4700F1626F /* m_mpwd@2x.png */ = {isa = PBXFileReference; lastKnownFileType = image.png; path = "m_mpwd@2x.png"; sourceTree = "<group>"; };
		18BF7AE31A89AC4700F1626F /* m_order.png */ = {isa = PBXFileReference; lastKnownFileType = image.png; path = m_order.png; sourceTree = "<group>"; };
		18BF7AE41A89AC4700F1626F /* m_order@2x.png */ = {isa = PBXFileReference; lastKnownFileType = image.png; path = "m_order@2x.png"; sourceTree = "<group>"; };
		18BF7AE51A89AC4700F1626F /* m_order_tab.png */ = {isa = PBXFileReference; lastKnownFileType = image.png; path = m_order_tab.png; sourceTree = "<group>"; };
		18BF7AE61A89AC4700F1626F /* m_order_tab@2x.png */ = {isa = PBXFileReference; lastKnownFileType = image.png; path = "m_order_tab@2x.png"; sourceTree = "<group>"; };
		18BF7AE71A89AC4700F1626F /* m_phone.png */ = {isa = PBXFileReference; lastKnownFileType = image.png; path = m_phone.png; sourceTree = "<group>"; };
		18BF7AE81A89AC4700F1626F /* m_phone@2x.png */ = {isa = PBXFileReference; lastKnownFileType = image.png; path = "m_phone@2x.png"; sourceTree = "<group>"; };
		18BF7AE91A89AC4700F1626F /* m_pwd.png */ = {isa = PBXFileReference; lastKnownFileType = image.png; path = m_pwd.png; sourceTree = "<group>"; };
		18BF7AEA1A89AC4700F1626F /* m_pwd@2x.png */ = {isa = PBXFileReference; lastKnownFileType = image.png; path = "m_pwd@2x.png"; sourceTree = "<group>"; };
		18BF7AEB1A89AC4700F1626F /* m_reglogo.png */ = {isa = PBXFileReference; lastKnownFileType = image.png; path = m_reglogo.png; sourceTree = "<group>"; };
		18BF7AEC1A89AC4700F1626F /* m_reglogo@2x.png */ = {isa = PBXFileReference; lastKnownFileType = image.png; path = "m_reglogo@2x.png"; sourceTree = "<group>"; };
		18BF7AED1A89AC4700F1626F /* m_sr.png */ = {isa = PBXFileReference; lastKnownFileType = image.png; path = m_sr.png; sourceTree = "<group>"; };
		18BF7AEE1A89AC4700F1626F /* m_sr@2x.png */ = {isa = PBXFileReference; lastKnownFileType = image.png; path = "m_sr@2x.png"; sourceTree = "<group>"; };
		18BF7AEF1A89AC4700F1626F /* title.png */ = {isa = PBXFileReference; lastKnownFileType = image.png; path = title.png; sourceTree = "<group>"; };
		18BF7AF01A89AC4700F1626F /* title64.png */ = {isa = PBXFileReference; lastKnownFileType = image.png; path = title64.png; sourceTree = "<group>"; };
/* End PBXFileReference section */

/* Begin PBXFrameworksBuildPhase section */
		18BF7A6C1A89972300F1626F /* Frameworks */ = {
			isa = PBXFrameworksBuildPhase;
			buildActionMask = 2147483647;
			files = (
			);
			runOnlyForDeploymentPostprocessing = 0;
		};
		18BF7A851A89972400F1626F /* Frameworks */ = {
			isa = PBXFrameworksBuildPhase;
			buildActionMask = 2147483647;
			files = (
			);
			runOnlyForDeploymentPostprocessing = 0;
		};
/* End PBXFrameworksBuildPhase section */

/* Begin PBXGroup section */
		18BF7A661A89972300F1626F = {
			isa = PBXGroup;
			children = (
				18BF7A711A89972300F1626F /* 获取验证码 */,
				18BF7A8B1A89972400F1626F /* 获取验证码Tests */,
				18BF7A701A89972300F1626F /* Products */,
			);
			sourceTree = "<group>";
		};
		18BF7A701A89972300F1626F /* Products */ = {
			isa = PBXGroup;
			children = (
				18BF7A6F1A89972300F1626F /* 获取验证码.app */,
				18BF7A881A89972400F1626F /* 获取验证码Tests.xctest */,
			);
			name = Products;
			sourceTree = "<group>";
		};
		18BF7A711A89972300F1626F /* 获取验证码 */ = {
			isa = PBXGroup;
			children = (
				18BF7A761A89972300F1626F /* AppDelegate.h */,
				18BF7A771A89972300F1626F /* AppDelegate.m */,
				18BF7A791A89972300F1626F /* ViewController.h */,
				18BF7A7A1A89972300F1626F /* ViewController.m */,
				18BF7AAD1A89ABF500F1626F /* image */,
				18BF7AA61A899B8E00F1626F /* ui */,
				18BF7A981A89978800F1626F /* network */,
				18BF7A7C1A89972300F1626F /* Main.storyboard */,
				18BF7A7F1A89972300F1626F /* Images.xcassets */,
				18BF7A811A89972300F1626F /* LaunchScreen.xib */,
				18BF7A721A89972300F1626F /* Supporting Files */,
			);
			path = "获取验证码";
			sourceTree = "<group>";
		};
		18BF7A721A89972300F1626F /* Supporting Files */ = {
			isa = PBXGroup;
			children = (
				18BF7A731A89972300F1626F /* Info.plist */,
				18BF7A741A89972300F1626F /* main.m */,
			);
			name = "Supporting Files";
			sourceTree = "<group>";
		};
		18BF7A8B1A89972400F1626F /* 获取验证码Tests */ = {
			isa = PBXGroup;
			children = (
				18BF7A8E1A89972400F1626F /* _____Tests.m */,
				18BF7A8C1A89972400F1626F /* Supporting Files */,
			);
			path = "获取验证码Tests";
			sourceTree = "<group>";
		};
		18BF7A8C1A89972400F1626F /* Supporting Files */ = {
			isa = PBXGroup;
			children = (
				18BF7A8D1A89972400F1626F /* Info.plist */,
			);
			name = "Supporting Files";
			sourceTree = "<group>";
		};
		18BF7A981A89978800F1626F /* network */ = {
			isa = PBXGroup;
			children = (
				18BF7A991A89978800F1626F /* HttpDownLoadBlock.h */,
				18BF7A9A1A89978800F1626F /* HttpDownLoadBlock.m */,
				18BF7A9B1A89978800F1626F /* MyMD5.h */,
				18BF7A9C1A89978800F1626F /* MyMD5.m */,
				18BF7A9D1A89978800F1626F /* NSFileManager+Method.h */,
				18BF7A9E1A89978800F1626F /* NSFileManager+Method.m */,
			);
			path = network;
			sourceTree = "<group>";
		};
		18BF7AA61A899B8E00F1626F /* ui */ = {
			isa = PBXGroup;
			children = (
				18BF7AA71A899B8E00F1626F /* TFIndicatorView.h */,
				18BF7AA81A899B8E00F1626F /* TFIndicatorView.m */,
				18BF7AA91A899B8E00F1626F /* ZCControl.h */,
				18BF7AAA1A899B8E00F1626F /* ZCControl.m */,
			);
			path = ui;
			sourceTree = "<group>";
		};
		18BF7AAD1A89ABF500F1626F /* image */ = {
			isa = PBXGroup;
			children = (
				18BF7AB61A89AC4700F1626F /* my_img */,
				18BF7AAE1A89AC0500F1626F /* c_g.png */,
				18BF7AAF1A89AC0500F1626F /* c_g@2x.png */,
				18BF7AB01A89AC0500F1626F /* c_w.png */,
				18BF7AB11A89AC0500F1626F /* c_w@2x.png */,
			);
			name = image;
			sourceTree = "<group>";
		};
		18BF7AB61A89AC4700F1626F /* my_img */ = {
			isa = PBXGroup;
			children = (
				18BF7AB71A89AC4700F1626F /* m_about.png */,
				18BF7AB81A89AC4700F1626F /* m_about@2x.png */,
				18BF7AB91A89AC4700F1626F /* m_about_gx.png */,
				18BF7ABA1A89AC4700F1626F /* m_about_gx@2x.png */,
				18BF7ABB1A89AC4700F1626F /* m_about_jy.png */,
				18BF7ABC1A89AC4700F1626F /* m_about_jy@2x.png */,
				18BF7ABD1A89AC4700F1626F /* m_about_lx.png */,
				18BF7ABE1A89AC4700F1626F /* m_about_lx@2x.png */,
				18BF7ABF1A89AC4700F1626F /* m_about_sy.png */,
				18BF7AC01A89AC4700F1626F /* m_about_sy@2x.png */,
				18BF7AC11A89AC4700F1626F /* m_adress.png */,
				18BF7AC21A89AC4700F1626F /* m_adress@2x.png */,
				18BF7AC31A89AC4700F1626F /* m_ads_20xn.png */,
				18BF7AC41A89AC4700F1626F /* m_ads_20xn@2x.png */,
				18BF7AC51A89AC4700F1626F /* m_ads_20xp.png */,
				18BF7AC61A89AC4700F1626F /* m_ads_20xp@2x.png */,
				18BF7AC71A89AC4700F1626F /* m_ads_n.png */,
				18BF7AC81A89AC4700F1626F /* m_ads_n@2x.png */,
				18BF7AC91A89AC4700F1626F /* m_ads_p.png */,
				18BF7ACA1A89AC4700F1626F /* m_ads_p@2x.png */,
				18BF7ACB1A89AC4700F1626F /* m_code.png */,
				18BF7ACC1A89AC4700F1626F /* m_code@2x.png */,
				18BF7ACD1A89AC4700F1626F /* m_info.png */,
				18BF7ACE1A89AC4700F1626F /* m_info@2x.png */,
				18BF7ACF1A89AC4700F1626F /* m_info_bbg.png */,
				18BF7AD01A89AC4700F1626F /* m_info_bbg@2x.png */,
				18BF7AD11A89AC4700F1626F /* m_info_hbg.png */,
				18BF7AD21A89AC4700F1626F /* m_info_hbg@2x.png */,
				18BF7AD31A89AC4700F1626F /* m_kf.png */,
				18BF7AD41A89AC4700F1626F /* m_kf@2x.png */,
				18BF7AD51A89AC4700F1626F /* m_login@2x.png */,
				18BF7AD61A89AC4700F1626F /* m_login_n.png */,
				18BF7AD71A89AC4700F1626F /* m_login_n@2x.png */,
				18BF7AD81A89AC4700F1626F /* m_login_p.png */,
				18BF7AD91A89AC4700F1626F /* m_loginbtn.png */,
				18BF7ADA1A89AC4700F1626F /* m_loginbtn@2x.png */,
				18BF7ADB1A89AC4700F1626F /* m_logo.png */,
				18BF7ADC1A89AC4700F1626F /* m_logo@2x.png */,
				18BF7ADD1A89AC4700F1626F /* m_macc.png */,
				18BF7ADE1A89AC4700F1626F /* m_macc@2x.png */,
				18BF7ADF1A89AC4700F1626F /* m_madr.png */,
				18BF7AE01A89AC4700F1626F /* m_madr@2x.png */,
				18BF7AE11A89AC4700F1626F /* m_mpwd.png */,
				18BF7AE21A89AC4700F1626F /* m_mpwd@2x.png */,
				18BF7AE31A89AC4700F1626F /* m_order.png */,
				18BF7AE41A89AC4700F1626F /* m_order@2x.png */,
				18BF7AE51A89AC4700F1626F /* m_order_tab.png */,
				18BF7AE61A89AC4700F1626F /* m_order_tab@2x.png */,
				18BF7AE71A89AC4700F1626F /* m_phone.png */,
				18BF7AE81A89AC4700F1626F /* m_phone@2x.png */,
				18BF7AE91A89AC4700F1626F /* m_pwd.png */,
				18BF7AEA1A89AC4700F1626F /* m_pwd@2x.png */,
				18BF7AEB1A89AC4700F1626F /* m_reglogo.png */,
				18BF7AEC1A89AC4700F1626F /* m_reglogo@2x.png */,
				18BF7AED1A89AC4700F1626F /* m_sr.png */,
				18BF7AEE1A89AC4700F1626F /* m_sr@2x.png */,
				18BF7AEF1A89AC4700F1626F /* title.png */,
				18BF7AF01A89AC4700F1626F /* title64.png */,
			);
			path = my_img;
			sourceTree = "<group>";
		};
/* End PBXGroup section */

/* Begin PBXNativeTarget section */
		18BF7A6E1A89972300F1626F /* 获取验证码 */ = {
			isa = PBXNativeTarget;
			buildConfigurationList = 18BF7A921A89972400F1626F /* Build configuration list for PBXNativeTarget "获取验证码" */;
			buildPhases = (
				18BF7A6B1A89972300F1626F /* Sources */,
				18BF7A6C1A89972300F1626F /* Frameworks */,
				18BF7A6D1A89972300F1626F /* Resources */,
			);
			buildRules = (
			);
			dependencies = (
			);
			name = "获取验证码";
			productName = "获取验证码";
			productReference = 18BF7A6F1A89972300F1626F /* 获取验证码.app */;
			productType = "com.apple.product-type.application";
		};
		18BF7A871A89972400F1626F /* 获取验证码Tests */ = {
			isa = PBXNativeTarget;
			buildConfigurationList = 18BF7A951A89972400F1626F /* Build configuration list for PBXNativeTarget "获取验证码Tests" */;
			buildPhases = (
				18BF7A841A89972400F1626F /* Sources */,
				18BF7A851A89972400F1626F /* Frameworks */,
				18BF7A861A89972400F1626F /* Resources */,
			);
			buildRules = (
			);
			dependencies = (
				18BF7A8A1A89972400F1626F /* PBXTargetDependency */,
			);
			name = "获取验证码Tests";
			productName = "获取验证码Tests";
			productReference = 18BF7A881A89972400F1626F /* 获取验证码Tests.xctest */;
			productType = "com.apple.product-type.bundle.unit-test";
		};
/* End PBXNativeTarget section */

/* Begin PBXProject section */
		18BF7A671A89972300F1626F /* Project object */ = {
			isa = PBXProject;
			attributes = {
				LastUpgradeCheck = 0610;
				ORGANIZATIONNAME = yixin;
				TargetAttributes = {
					18BF7A6E1A89972300F1626F = {
						CreatedOnToolsVersion = 6.1.1;
					};
					18BF7A871A89972400F1626F = {
						CreatedOnToolsVersion = 6.1.1;
						TestTargetID = 18BF7A6E1A89972300F1626F;
					};
				};
			};
			buildConfigurationList = 18BF7A6A1A89972300F1626F /* Build configuration list for PBXProject "获取验证码" */;
			compatibilityVersion = "Xcode 3.2";
			developmentRegion = English;
			hasScannedForEncodings = 0;
			knownRegions = (
				en,
				Base,
			);
			mainGroup = 18BF7A661A89972300F1626F;
			productRefGroup = 18BF7A701A89972300F1626F /* Products */;
			projectDirPath = "";
			projectRoot = "";
			targets = (
				18BF7A6E1A89972300F1626F /* 获取验证码 */,
				18BF7A871A89972400F1626F /* 获取验证码Tests */,
			);
		};
/* End PBXProject section */

/* Begin PBXResourcesBuildPhase section */
		18BF7A6D1A89972300F1626F /* Resources */ = {
			isa = PBXResourcesBuildPhase;
			buildActionMask = 2147483647;
			files = (
				18BF7AFD1A89AC4700F1626F /* m_ads_20xn.png in Resources */,
				18BF7AF41A89AC4700F1626F /* m_about_gx@2x.png in Resources */,
				18BF7AF31A89AC4700F1626F /* m_about_gx.png in Resources */,
				18BF7B231A89AC4700F1626F /* m_pwd.png in Resources */,
				18BF7B091A89AC4700F1626F /* m_info_bbg.png in Resources */,
				18BF7A7E1A89972300F1626F /* Main.storyboard in Resources */,
				18BF7AF91A89AC4700F1626F /* m_about_sy.png in Resources */,
				18BF7AF81A89AC4700F1626F /* m_about_lx@2x.png in Resources */,
				18BF7A831A89972300F1626F /* LaunchScreen.xib in Resources */,
				18BF7B121A89AC4700F1626F /* m_login_p.png in Resources */,
				18BF7B271A89AC4700F1626F /* m_sr.png in Resources */,
				18BF7B181A89AC4700F1626F /* m_macc@2x.png in Resources */,
				18BF7B251A89AC4700F1626F /* m_reglogo.png in Resources */,
				18BF7B1C1A89AC4700F1626F /* m_mpwd@2x.png in Resources */,
				18BF7B011A89AC4700F1626F /* m_ads_n.png in Resources */,
				18BF7AF21A89AC4700F1626F /* m_about@2x.png in Resources */,
				18BF7B071A89AC4700F1626F /* m_info.png in Resources */,
				18BF7B191A89AC4700F1626F /* m_madr.png in Resources */,
				18BF7AF71A89AC4700F1626F /* m_about_lx.png in Resources */,
				18BF7B1A1A89AC4700F1626F /* m_madr@2x.png in Resources */,
				18BF7B0F1A89AC4700F1626F /* m_login@2x.png in Resources */,
				18BF7B1D1A89AC4700F1626F /* m_order.png in Resources */,
				18BF7B001A89AC4700F1626F /* m_ads_20xp@2x.png in Resources */,
				18BF7B141A89AC4700F1626F /* m_loginbtn@2x.png in Resources */,
				18BF7B1B1A89AC4700F1626F /* m_mpwd.png in Resources */,
				18BF7B2A1A89AC4700F1626F /* title64.png in Resources */,
				18BF7B0E1A89AC4700F1626F /* m_kf@2x.png in Resources */,
				18BF7B171A89AC4700F1626F /* m_macc.png in Resources */,
				18BF7B281A89AC4700F1626F /* m_sr@2x.png in Resources */,
				18BF7B061A89AC4700F1626F /* m_code@2x.png in Resources */,
				18BF7AB31A89AC0500F1626F /* c_g@2x.png in Resources */,
				18BF7B291A89AC4700F1626F /* title.png in Resources */,
				18BF7B0B1A89AC4700F1626F /* m_info_hbg.png in Resources */,
				18BF7B0C1A89AC4700F1626F /* m_info_hbg@2x.png in Resources */,
				18BF7B051A89AC4700F1626F /* m_code.png in Resources */,
				18BF7B041A89AC4700F1626F /* m_ads_p@2x.png in Resources */,
				18BF7AF51A89AC4700F1626F /* m_about_jy.png in Resources */,
				18BF7B0D1A89AC4700F1626F /* m_kf.png in Resources */,
				18BF7AB41A89AC0500F1626F /* c_w.png in Resources */,
				18BF7AF61A89AC4700F1626F /* m_about_jy@2x.png in Resources */,
				18BF7B1E1A89AC4700F1626F /* m_order@2x.png in Resources */,
				18BF7B0A1A89AC4700F1626F /* m_info_bbg@2x.png in Resources */,
				18BF7B211A89AC4700F1626F /* m_phone.png in Resources */,
				18BF7B261A89AC4700F1626F /* m_reglogo@2x.png in Resources */,
				18BF7B1F1A89AC4700F1626F /* m_order_tab.png in Resources */,
				18BF7AB51A89AC0500F1626F /* c_w@2x.png in Resources */,
				18BF7AFF1A89AC4700F1626F /* m_ads_20xp.png in Resources */,
				18BF7AF11A89AC4700F1626F /* m_about.png in Resources */,
				18BF7B161A89AC4700F1626F /* m_logo@2x.png in Resources */,
				18BF7AFE1A89AC4700F1626F /* m_ads_20xn@2x.png in Resources */,
				18BF7B031A89AC4700F1626F /* m_ads_p.png in Resources */,
				18BF7A801A89972300F1626F /* Images.xcassets in Resources */,
				18BF7AFB1A89AC4700F1626F /* m_adress.png in Resources */,
				18BF7AFA1A89AC4700F1626F /* m_about_sy@2x.png in Resources */,
				18BF7AFC1A89AC4700F1626F /* m_adress@2x.png in Resources */,
				18BF7AB21A89AC0500F1626F /* c_g.png in Resources */,
				18BF7B151A89AC4700F1626F /* m_logo.png in Resources */,
				18BF7B241A89AC4700F1626F /* m_pwd@2x.png in Resources */,
				18BF7B021A89AC4700F1626F /* m_ads_n@2x.png in Resources */,
				18BF7B101A89AC4700F1626F /* m_login_n.png in Resources */,
				18BF7B081A89AC4700F1626F /* m_info@2x.png in Resources */,
				18BF7B221A89AC4700F1626F /* m_phone@2x.png in Resources */,
				18BF7B201A89AC4700F1626F /* m_order_tab@2x.png in Resources */,
				18BF7B131A89AC4700F1626F /* m_loginbtn.png in Resources */,
				18BF7B111A89AC4700F1626F /* m_login_n@2x.png in Resources */,
			);
			runOnlyForDeploymentPostprocessing = 0;
		};
		18BF7A861A89972400F1626F /* Resources */ = {
			isa = PBXResourcesBuildPhase;
			buildActionMask = 2147483647;
			files = (
			);
			runOnlyForDeploymentPostprocessing = 0;
		};
/* End PBXResourcesBuildPhase section */

/* Begin PBXSourcesBuildPhase section */
		18BF7A6B1A89972300F1626F /* Sources */ = {
			isa = PBXSourcesBuildPhase;
			buildActionMask = 2147483647;
			files = (
				18BF7A7B1A89972300F1626F /* ViewController.m in Sources */,
				18BF7AA11A89978800F1626F /* NSFileManager+Method.m in Sources */,
				18BF7AA01A89978800F1626F /* MyMD5.m in Sources */,
				18BF7AAC1A899B8E00F1626F /* ZCControl.m in Sources */,
				18BF7A9F1A89978800F1626F /* HttpDownLoadBlock.m in Sources */,
				18BF7A781A89972300F1626F /* AppDelegate.m in Sources */,
				18BF7AAB1A899B8E00F1626F /* TFIndicatorView.m in Sources */,
				18BF7A751A89972300F1626F /* main.m in Sources */,
			);
			runOnlyForDeploymentPostprocessing = 0;
		};
		18BF7A841A89972400F1626F /* Sources */ = {
			isa = PBXSourcesBuildPhase;
			buildActionMask = 2147483647;
			files = (
				18BF7A8F1A89972400F1626F /* _____Tests.m in Sources */,
			);
			runOnlyForDeploymentPostprocessing = 0;
		};
/* End PBXSourcesBuildPhase section */

/* Begin PBXTargetDependency section */
		18BF7A8A1A89972400F1626F /* PBXTargetDependency */ = {
			isa = PBXTargetDependency;
			target = 18BF7A6E1A89972300F1626F /* 获取验证码 */;
			targetProxy = 18BF7A891A89972400F1626F /* PBXContainerItemProxy */;
		};
/* End PBXTargetDependency section */

/* Begin PBXVariantGroup section */
		18BF7A7C1A89972300F1626F /* Main.storyboard */ = {
			isa = PBXVariantGroup;
			children = (
				18BF7A7D1A89972300F1626F /* Base */,
			);
			name = Main.storyboard;
			sourceTree = "<group>";
		};
		18BF7A811A89972300F1626F /* LaunchScreen.xib */ = {
			isa = PBXVariantGroup;
			children = (
				18BF7A821A89972300F1626F /* Base */,
			);
			name = LaunchScreen.xib;
			sourceTree = "<group>";
		};
/* End PBXVariantGroup section */

/* Begin XCBuildConfiguration section */
		18BF7A901A89972400F1626F /* Debug */ = {
			isa = XCBuildConfiguration;
			buildSettings = {
				ALWAYS_SEARCH_USER_PATHS = NO;
				CLANG_CXX_LANGUAGE_STANDARD = "gnu++0x";
				CLANG_CXX_LIBRARY = "libc++";
				CLANG_ENABLE_MODULES = YES;
				CLANG_ENABLE_OBJC_ARC = YES;
				CLANG_WARN_BOOL_CONVERSION = YES;
				CLANG_WARN_CONSTANT_CONVERSION = YES;
				CLANG_WARN_DIRECT_OBJC_ISA_USAGE = YES_ERROR;
				CLANG_WARN_EMPTY_BODY = YES;
				CLANG_WARN_ENUM_CONVERSION = YES;
				CLANG_WARN_INT_CONVERSION = YES;
				CLANG_WARN_OBJC_ROOT_CLASS = YES_ERROR;
				CLANG_WARN_UNREACHABLE_CODE = YES;
				CLANG_WARN__DUPLICATE_METHOD_MATCH = YES;
				"CODE_SIGN_IDENTITY[sdk=iphoneos*]" = "iPhone Developer";
				COPY_PHASE_STRIP = NO;
				ENABLE_STRICT_OBJC_MSGSEND = YES;
				GCC_C_LANGUAGE_STANDARD = gnu99;
				GCC_DYNAMIC_NO_PIC = NO;
				GCC_OPTIMIZATION_LEVEL = 0;
				GCC_PREPROCESSOR_DEFINITIONS = (
					"DEBUG=1",
					"$(inherited)",
				);
				GCC_SYMBOLS_PRIVATE_EXTERN = NO;
				GCC_WARN_64_TO_32_BIT_CONVERSION = YES;
				GCC_WARN_ABOUT_RETURN_TYPE = YES_ERROR;
				GCC_WARN_UNDECLARED_SELECTOR = YES;
				GCC_WARN_UNINITIALIZED_AUTOS = YES_AGGRESSIVE;
				GCC_WARN_UNUSED_FUNCTION = YES;
				GCC_WARN_UNUSED_VARIABLE = YES;
				IPHONEOS_DEPLOYMENT_TARGET = 8.1;
				MTL_ENABLE_DEBUG_INFO = YES;
				ONLY_ACTIVE_ARCH = YES;
				SDKROOT = iphoneos;
				TARGETED_DEVICE_FAMILY = "1,2";
			};
			name = Debug;
		};
		18BF7A911A89972400F1626F /* Release */ = {
			isa = XCBuildConfiguration;
			buildSettings = {
				ALWAYS_SEARCH_USER_PATHS = NO;
				CLANG_CXX_LANGUAGE_STANDARD = "gnu++0x";
				CLANG_CXX_LIBRARY = "libc++";
				CLANG_ENABLE_MODULES = YES;
				CLANG_ENABLE_OBJC_ARC = YES;
				CLANG_WARN_BOOL_CONVERSION = YES;
				CLANG_WARN_CONSTANT_CONVERSION = YES;
				CLANG_WARN_DIRECT_OBJC_ISA_USAGE = YES_ERROR;
				CLANG_WARN_EMPTY_BODY = YES;
				CLANG_WARN_ENUM_CONVERSION = YES;
				CLANG_WARN_INT_CONVERSION = YES;
				CLANG_WARN_OBJC_ROOT_CLASS = YES_ERROR;
				CLANG_WARN_UNREACHABLE_CODE = YES;
				CLANG_WARN__DUPLICATE_METHOD_MATCH = YES;
				"CODE_SIGN_IDENTITY[sdk=iphoneos*]" = "iPhone Developer";
				COPY_PHASE_STRIP = YES;
				ENABLE_NS_ASSERTIONS = NO;
				ENABLE_STRICT_OBJC_MSGSEND = YES;
				GCC_C_LANGUAGE_STANDARD = gnu99;
				GCC_WARN_64_TO_32_BIT_CONVERSION = YES;
				GCC_WARN_ABOUT_RETURN_TYPE = YES_ERROR;
				GCC_WARN_UNDECLARED_SELECTOR = YES;
				GCC_WARN_UNINITIALIZED_AUTOS = YES_AGGRESSIVE;
				GCC_WARN_UNUSED_FUNCTION = YES;
				GCC_WARN_UNUSED_VARIABLE = YES;
				IPHONEOS_DEPLOYMENT_TARGET = 8.1;
				MTL_ENABLE_DEBUG_INFO = NO;
				SDKROOT = iphoneos;
				TARGETED_DEVICE_FAMILY = "1,2";
				VALIDATE_PRODUCT = YES;
			};
			name = Release;
		};
		18BF7A931A89972400F1626F /* Debug */ = {
			isa = XCBuildConfiguration;
			buildSettings = {
				ASSETCATALOG_COMPILER_APPICON_NAME = AppIcon;
				INFOPLIST_FILE = "获取验证码/Info.plist";
				LD_RUNPATH_SEARCH_PATHS = "$(inherited) @executable_path/Frameworks";
				PRODUCT_NAME = "$(TARGET_NAME)";
			};
			name = Debug;
		};
		18BF7A941A89972400F1626F /* Release */ = {
			isa = XCBuildConfiguration;
			buildSettings = {
				ASSETCATALOG_COMPILER_APPICON_NAME = AppIcon;
				INFOPLIST_FILE = "获取验证码/Info.plist";
				LD_RUNPATH_SEARCH_PATHS = "$(inherited) @executable_path/Frameworks";
				PRODUCT_NAME = "$(TARGET_NAME)";
			};
			name = Release;
		};
		18BF7A961A89972400F1626F /* Debug */ = {
			isa = XCBuildConfiguration;
			buildSettings = {
				BUNDLE_LOADER = "$(TEST_HOST)";
				FRAMEWORK_SEARCH_PATHS = (
					"$(SDKROOT)/Developer/Library/Frameworks",
					"$(inherited)",
				);
				GCC_PREPROCESSOR_DEFINITIONS = (
					"DEBUG=1",
					"$(inherited)",
				);
				INFOPLIST_FILE = "获取验证码Tests/Info.plist";
				LD_RUNPATH_SEARCH_PATHS = "$(inherited) @executable_path/Frameworks @loader_path/Frameworks";
				PRODUCT_NAME = "$(TARGET_NAME)";
				TEST_HOST = "$(BUILT_PRODUCTS_DIR)/获取验证码.app/获取验证码";
			};
			name = Debug;
		};
		18BF7A971A89972400F1626F /* Release */ = {
			isa = XCBuildConfiguration;
			buildSettings = {
				BUNDLE_LOADER = "$(TEST_HOST)";
				FRAMEWORK_SEARCH_PATHS = (
					"$(SDKROOT)/Developer/Library/Frameworks",
					"$(inherited)",
				);
				INFOPLIST_FILE = "获取验证码Tests/Info.plist";
				LD_RUNPATH_SEARCH_PATHS = "$(inherited) @executable_path/Frameworks @loader_path/Frameworks";
				PRODUCT_NAME = "$(TARGET_NAME)";
				TEST_HOST = "$(BUILT_PRODUCTS_DIR)/获取验证码.app/获取验证码";
			};
			name = Release;
		};
/* End XCBuildConfiguration section */

/* Begin XCConfigurationList section */
		18BF7A6A1A89972300F1626F /* Build configuration list for PBXProject "获取验证码" */ = {
			isa = XCConfigurationList;
			buildConfigurations = (
				18BF7A901A89972400F1626F /* Debug */,
				18BF7A911A89972400F1626F /* Release */,
			);
			defaultConfigurationIsVisible = 0;
			defaultConfigurationName = Release;
		};
		18BF7A921A89972400F1626F /* Build configuration list for PBXNativeTarget "获取验证码" */ = {
			isa = XCConfigurationList;
			buildConfigurations = (
				18BF7A931A89972400F1626F /* Debug */,
				18BF7A941A89972400F1626F /* Release */,
			);
			defaultConfigurationIsVisible = 0;
		};
		18BF7A951A89972400F1626F /* Build configuration list for PBXNativeTarget "获取验证码Tests" */ = {
			isa = XCConfigurationList;
			buildConfigurations = (
				18BF7A961A89972400F1626F /* Debug */,
				18BF7A971A89972400F1626F /* Release */,
			);
			defaultConfigurationIsVisible = 0;
		};
/* End XCConfigurationList section */
	};
	rootObject = 18BF7A671A89972300F1626F /* Project object */;
}
